
Microsoft Visual Studio Solution File, Format Version 12.00
# Visual Studio Version 16
VisualStudioVersion = 16.0.31605.320
MinimumVisualStudioVersion = 10.0.40219.1
Project("{FAE04EC0-301F-11D3-BF4B-00C04F79EFBC}") = "Distribuidora_De_Bebidas", "Distribuidora_De_Bebidas.csproj", "{6FB62217-699E-4835-8689-CA64CA35F822}"
EndProject
Global
	GlobalSection(SolutionConfigurationPlatforms) = preSolution
		Debug|Any CPU = Debug|Any CPU
		Release|Any CPU = Release|Any CPU
	EndGlobalSection
	GlobalSection(ProjectConfigurationPlatforms) = postSolution
		{6FB62217-699E-4835-8689-CA64CA35F822}.Debug|Any CPU.ActiveCfg = Debug|Any CPU
		{6FB62217-699E-4835-8689-CA64CA35F822}.Debug|Any CPU.Build.0 = Debug|Any CPU
		{6FB62217-699E-4835-8689-CA64CA35F822}.Release|Any CPU.ActiveCfg = Release|Any CPU
		{6FB62217-699E-4835-8689-CA64CA35F822}.Release|Any CPU.Build.0 = Release|Any CPU
	EndGlobalSection
	GlobalSection(SolutionProperties) = preSolution
		HideSolutionNode = FALSE
	EndGlobalSection
	GlobalSection(ExtensibilityGlobals) = postSolution
		SolutionGuid = {88C810C3-D7B9-4761-9315-81CC6836DA83}
	EndGlobalSection
EndGlobal
